// !$*UTF8*$!
{
	archiveVersion = 1;
	classes = {
	};
	objectVersion = 46;
	objects = {

/* Begin PBXBuildFile section */
		0B7EF0FF81E8BB9A5B2FC439 /* Pods_ADG_VITTests.framework in Frameworks */ = {isa = PBXBuildFile; fileRef = 2B57F9C6CF6272164996C193 /* Pods_ADG_VITTests.framework */; };
		11120BC21E3FACC400F990F8 /* ProjectsViewController.swift in Sources */ = {isa = PBXBuildFile; fileRef = 11120BC11E3FACC400F990F8 /* ProjectsViewController.swift */; };
		11120BC41E3FC35100F990F8 /* WeatherIcons.xcassets in Resources */ = {isa = PBXBuildFile; fileRef = 11120BC31E3FC35100F990F8 /* WeatherIcons.xcassets */; };
		11190E0B1E427A5C00EF2532 /* ProjectsInnerCollectionViewCell.swift in Sources */ = {isa = PBXBuildFile; fileRef = 11190E0A1E427A5C00EF2532 /* ProjectsInnerCollectionViewCell.swift */; };
		1119B6811E3F5BE200CF009A /* Reachability.m in Sources */ = {isa = PBXBuildFile; fileRef = 1119B6801E3F5BE200CF009A /* Reachability.m */; };
		116C1CA21E37E9EC00456C00 /* AppDelegate.swift in Sources */ = {isa = PBXBuildFile; fileRef = 116C1CA11E37E9EC00456C00 /* AppDelegate.swift */; };
		116C1CA41E37E9EC00456C00 /* HomeViewController.swift in Sources */ = {isa = PBXBuildFile; fileRef = 116C1CA31E37E9EC00456C00 /* HomeViewController.swift */; };
		116C1CA71E37E9EC00456C00 /* Main.storyboard in Resources */ = {isa = PBXBuildFile; fileRef = 116C1CA51E37E9EC00456C00 /* Main.storyboard */; };
		116C1CA91E37E9EC00456C00 /* Assets.xcassets in Resources */ = {isa = PBXBuildFile; fileRef = 116C1CA81E37E9EC00456C00 /* Assets.xcassets */; };
		116C1CAC1E37E9EC00456C00 /* LaunchScreen.storyboard in Resources */ = {isa = PBXBuildFile; fileRef = 116C1CAA1E37E9EC00456C00 /* LaunchScreen.storyboard */; };
		116C1CB71E37E9EC00456C00 /* ADG_VITTests.swift in Sources */ = {isa = PBXBuildFile; fileRef = 116C1CB61E37E9EC00456C00 /* ADG_VITTests.swift */; };
		116C1CC21E37E9EC00456C00 /* ADG_VITUITests.swift in Sources */ = {isa = PBXBuildFile; fileRef = 116C1CC11E37E9EC00456C00 /* ADG_VITUITests.swift */; };
		116C1CD21E37EF8B00456C00 /* SWRevealViewController.m in Sources */ = {isa = PBXBuildFile; fileRef = 116C1CD11E37EF8B00456C00 /* SWRevealViewController.m */; };
		116C1CD51E37F63800456C00 /* MenuTableViewController.swift in Sources */ = {isa = PBXBuildFile; fileRef = 116C1CD41E37F63800456C00 /* MenuTableViewController.swift */; };
		119FD4EE1E3DDCC00021AE26 /* NewsCollectionViewCell.swift in Sources */ = {isa = PBXBuildFile; fileRef = 119FD4ED1E3DDCC00021AE26 /* NewsCollectionViewCell.swift */; };
		119FD4F01E3DDFAA0021AE26 /* Constants.swift in Sources */ = {isa = PBXBuildFile; fileRef = 119FD4EF1E3DDFAA0021AE26 /* Constants.swift */; };
		119FD4F21E3E18710021AE26 /* HomeTableViewDataDelegate.swift in Sources */ = {isa = PBXBuildFile; fileRef = 119FD4F11E3E18710021AE26 /* HomeTableViewDataDelegate.swift */; };
		119FD4F41E3E19BC0021AE26 /* GoogleService-Info.plist in Resources */ = {isa = PBXBuildFile; fileRef = 119FD4F31E3E19BC0021AE26 /* GoogleService-Info.plist */; };
		119FD4F51E3E19BC0021AE26 /* GoogleService-Info.plist in Resources */ = {isa = PBXBuildFile; fileRef = 119FD4F31E3E19BC0021AE26 /* GoogleService-Info.plist */; };
		119FD4F61E3E19BC0021AE26 /* GoogleService-Info.plist in Resources */ = {isa = PBXBuildFile; fileRef = 119FD4F31E3E19BC0021AE26 /* GoogleService-Info.plist */; };
		119FD4F81E3E43090021AE26 /* DataManager.swift in Sources */ = {isa = PBXBuildFile; fileRef = 119FD4F71E3E43090021AE26 /* DataManager.swift */; };
		119FD4FC1E3E45B10021AE26 /* HomeTableViewCell.swift in Sources */ = {isa = PBXBuildFile; fileRef = 119FD4FB1E3E45B10021AE26 /* HomeTableViewCell.swift */; };
		119FD4FD1E3E45B10021AE26 /* HomeTableViewCell.swift in Sources */ = {isa = PBXBuildFile; fileRef = 119FD4FB1E3E45B10021AE26 /* HomeTableViewCell.swift */; };
		119FD4FE1E3E45B10021AE26 /* HomeTableViewCell.swift in Sources */ = {isa = PBXBuildFile; fileRef = 119FD4FB1E3E45B10021AE26 /* HomeTableViewCell.swift */; };
		11E995E61E41C3C300214293 /* ProjectsOuterCollectionViewCell.swift in Sources */ = {isa = PBXBuildFile; fileRef = 11E995E51E41C3C300214293 /* ProjectsOuterCollectionViewCell.swift */; };
		11E995EA1E41C57D00214293 /* ProjectsCollectionViewDataSourceDelegate.swift in Sources */ = {isa = PBXBuildFile; fileRef = 11E995E91E41C57D00214293 /* ProjectsCollectionViewDataSourceDelegate.swift */; };
		11F810B41E4295AC008B83B2 /* ProjectDetailsViewController.swift in Sources */ = {isa = PBXBuildFile; fileRef = 11F810B31E4295AC008B83B2 /* ProjectDetailsViewController.swift */; };
		11F810B61E429E30008B83B2 /* TriangleView.swift in Sources */ = {isa = PBXBuildFile; fileRef = 11F810B51E429E30008B83B2 /* TriangleView.swift */; };
		11F810B91E42AD97008B83B2 /* UIImageViewAligned.m in Sources */ = {isa = PBXBuildFile; fileRef = 11F810B81E42AD97008B83B2 /* UIImageViewAligned.m */; };
		11F810BD1E43413D008B83B2 /* EventsViewController.swift in Sources */ = {isa = PBXBuildFile; fileRef = 11F810BC1E43413D008B83B2 /* EventsViewController.swift */; };
		11F810BF1E4345B9008B83B2 /* EventsCollectionViewDataSourceDelegate.swift in Sources */ = {isa = PBXBuildFile; fileRef = 11F810BE1E4345B9008B83B2 /* EventsCollectionViewDataSourceDelegate.swift */; };
		11F810C11E4349CA008B83B2 /* EventsOuterCollectionViewCell.swift in Sources */ = {isa = PBXBuildFile; fileRef = 11F810C01E4349CA008B83B2 /* EventsOuterCollectionViewCell.swift */; };
		11F810C31E4349DB008B83B2 /* EventsInnerCollectionViewCell.swift in Sources */ = {isa = PBXBuildFile; fileRef = 11F810C21E4349DB008B83B2 /* EventsInnerCollectionViewCell.swift */; };
		1E6EA025E0BD6625E4D80123 /* Pods_ADG_VIT.framework in Frameworks */ = {isa = PBXBuildFile; fileRef = 116DDC06E6B2ED1658FAC02A /* Pods_ADG_VIT.framework */; };
		81F52E8D1FA91B517A87DC94 /* Pods_ADG_VITUITests.framework in Frameworks */ = {isa = PBXBuildFile; fileRef = 078F660F61601B231081A0B8 /* Pods_ADG_VITUITests.framework */; };
/* End PBXBuildFile section */

/* Begin PBXContainerItemProxy section */
		116C1CB31E37E9EC00456C00 /* PBXContainerItemProxy */ = {
			isa = PBXContainerItemProxy;
			containerPortal = 116C1C961E37E9EB00456C00 /* Project object */;
			proxyType = 1;
			remoteGlobalIDString = 116C1C9D1E37E9EB00456C00;
			remoteInfo = "ADG VIT";
		};
		116C1CBE1E37E9EC00456C00 /* PBXContainerItemProxy */ = {
			isa = PBXContainerItemProxy;
			containerPortal = 116C1C961E37E9EB00456C00 /* Project object */;
			proxyType = 1;
			remoteGlobalIDString = 116C1C9D1E37E9EB00456C00;
			remoteInfo = "ADG VIT";
		};
/* End PBXContainerItemProxy section */

/* Begin PBXFileReference section */
		00CF3A63B82C7D995C4493D1 /* Pods-ADG VITTests.release.xcconfig */ = {isa = PBXFileReference; includeInIndex = 1; lastKnownFileType = text.xcconfig; name = "Pods-ADG VITTests.release.xcconfig"; path = "Pods/Target Support Files/Pods-ADG VITTests/Pods-ADG VITTests.release.xcconfig"; sourceTree = "<group>"; };
		078F660F61601B231081A0B8 /* Pods_ADG_VITUITests.framework */ = {isa = PBXFileReference; explicitFileType = wrapper.framework; includeInIndex = 0; path = Pods_ADG_VITUITests.framework; sourceTree = BUILT_PRODUCTS_DIR; };
		11120BC11E3FACC400F990F8 /* ProjectsViewController.swift */ = {isa = PBXFileReference; fileEncoding = 4; lastKnownFileType = sourcecode.swift; path = ProjectsViewController.swift; sourceTree = "<group>"; };
		11120BC31E3FC35100F990F8 /* WeatherIcons.xcassets */ = {isa = PBXFileReference; lastKnownFileType = folder.assetcatalog; path = WeatherIcons.xcassets; sourceTree = "<group>"; };
		11190E0A1E427A5C00EF2532 /* ProjectsInnerCollectionViewCell.swift */ = {isa = PBXFileReference; fileEncoding = 4; lastKnownFileType = sourcecode.swift; path = ProjectsInnerCollectionViewCell.swift; sourceTree = "<group>"; };
		1119B67F1E3F5BE200CF009A /* Reachability.h */ = {isa = PBXFileReference; fileEncoding = 4; lastKnownFileType = sourcecode.c.h; path = Reachability.h; sourceTree = "<group>"; };
		1119B6801E3F5BE200CF009A /* Reachability.m */ = {isa = PBXFileReference; fileEncoding = 4; lastKnownFileType = sourcecode.c.objc; path = Reachability.m; sourceTree = "<group>"; };
		116C1C9E1E37E9EC00456C00 /* ADG VIT.app */ = {isa = PBXFileReference; explicitFileType = wrapper.application; includeInIndex = 0; path = "ADG VIT.app"; sourceTree = BUILT_PRODUCTS_DIR; };
		116C1CA11E37E9EC00456C00 /* AppDelegate.swift */ = {isa = PBXFileReference; lastKnownFileType = sourcecode.swift; path = AppDelegate.swift; sourceTree = "<group>"; };
		116C1CA31E37E9EC00456C00 /* HomeViewController.swift */ = {isa = PBXFileReference; lastKnownFileType = sourcecode.swift; path = HomeViewController.swift; sourceTree = "<group>"; };
		116C1CA61E37E9EC00456C00 /* Base */ = {isa = PBXFileReference; lastKnownFileType = file.storyboard; name = Base; path = Base.lproj/Main.storyboard; sourceTree = "<group>"; };
		116C1CA81E37E9EC00456C00 /* Assets.xcassets */ = {isa = PBXFileReference; lastKnownFileType = folder.assetcatalog; path = Assets.xcassets; sourceTree = "<group>"; };
		116C1CAB1E37E9EC00456C00 /* Base */ = {isa = PBXFileReference; lastKnownFileType = file.storyboard; name = Base; path = Base.lproj/LaunchScreen.storyboard; sourceTree = "<group>"; };
		116C1CAD1E37E9EC00456C00 /* Info.plist */ = {isa = PBXFileReference; lastKnownFileType = text.plist.xml; path = Info.plist; sourceTree = "<group>"; };
		116C1CB21E37E9EC00456C00 /* ADG VITTests.xctest */ = {isa = PBXFileReference; explicitFileType = wrapper.cfbundle; includeInIndex = 0; path = "ADG VITTests.xctest"; sourceTree = BUILT_PRODUCTS_DIR; };
		116C1CB61E37E9EC00456C00 /* ADG_VITTests.swift */ = {isa = PBXFileReference; lastKnownFileType = sourcecode.swift; path = ADG_VITTests.swift; sourceTree = "<group>"; };
		116C1CB81E37E9EC00456C00 /* Info.plist */ = {isa = PBXFileReference; lastKnownFileType = text.plist.xml; path = Info.plist; sourceTree = "<group>"; };
		116C1CBD1E37E9EC00456C00 /* ADG VITUITests.xctest */ = {isa = PBXFileReference; explicitFileType = wrapper.cfbundle; includeInIndex = 0; path = "ADG VITUITests.xctest"; sourceTree = BUILT_PRODUCTS_DIR; };
		116C1CC11E37E9EC00456C00 /* ADG_VITUITests.swift */ = {isa = PBXFileReference; lastKnownFileType = sourcecode.swift; path = ADG_VITUITests.swift; sourceTree = "<group>"; };
		116C1CC31E37E9EC00456C00 /* Info.plist */ = {isa = PBXFileReference; lastKnownFileType = text.plist.xml; path = Info.plist; sourceTree = "<group>"; };
		116C1CCF1E37EF8A00456C00 /* ADG VIT-Bridging-Header.h */ = {isa = PBXFileReference; lastKnownFileType = sourcecode.c.h; path = "ADG VIT-Bridging-Header.h"; sourceTree = "<group>"; };
		116C1CD01E37EF8B00456C00 /* SWRevealViewController.h */ = {isa = PBXFileReference; fileEncoding = 4; lastKnownFileType = sourcecode.c.h; path = SWRevealViewController.h; sourceTree = "<group>"; };
		116C1CD11E37EF8B00456C00 /* SWRevealViewController.m */ = {isa = PBXFileReference; fileEncoding = 4; lastKnownFileType = sourcecode.c.objc; path = SWRevealViewController.m; sourceTree = "<group>"; };
		116C1CD41E37F63800456C00 /* MenuTableViewController.swift */ = {isa = PBXFileReference; fileEncoding = 4; lastKnownFileType = sourcecode.swift; path = MenuTableViewController.swift; sourceTree = "<group>"; };
		116DDC06E6B2ED1658FAC02A /* Pods_ADG_VIT.framework */ = {isa = PBXFileReference; explicitFileType = wrapper.framework; includeInIndex = 0; path = Pods_ADG_VIT.framework; sourceTree = BUILT_PRODUCTS_DIR; };
		119FD4ED1E3DDCC00021AE26 /* NewsCollectionViewCell.swift */ = {isa = PBXFileReference; fileEncoding = 4; lastKnownFileType = sourcecode.swift; path = NewsCollectionViewCell.swift; sourceTree = "<group>"; };
		119FD4EF1E3DDFAA0021AE26 /* Constants.swift */ = {isa = PBXFileReference; fileEncoding = 4; lastKnownFileType = sourcecode.swift; path = Constants.swift; sourceTree = "<group>"; };
		119FD4F11E3E18710021AE26 /* HomeTableViewDataDelegate.swift */ = {isa = PBXFileReference; fileEncoding = 4; lastKnownFileType = sourcecode.swift; path = HomeTableViewDataDelegate.swift; sourceTree = "<group>"; };
		119FD4F31E3E19BC0021AE26 /* GoogleService-Info.plist */ = {isa = PBXFileReference; fileEncoding = 4; lastKnownFileType = text.plist.xml; path = "GoogleService-Info.plist"; sourceTree = "<group>"; };
		119FD4F71E3E43090021AE26 /* DataManager.swift */ = {isa = PBXFileReference; fileEncoding = 4; lastKnownFileType = sourcecode.swift; path = DataManager.swift; sourceTree = "<group>"; };
		119FD4FB1E3E45B10021AE26 /* HomeTableViewCell.swift */ = {isa = PBXFileReference; fileEncoding = 4; lastKnownFileType = sourcecode.swift; path = HomeTableViewCell.swift; sourceTree = "<group>"; };
		11E995E51E41C3C300214293 /* ProjectsOuterCollectionViewCell.swift */ = {isa = PBXFileReference; fileEncoding = 4; lastKnownFileType = sourcecode.swift; path = ProjectsOuterCollectionViewCell.swift; sourceTree = "<group>"; };
		11E995E91E41C57D00214293 /* ProjectsCollectionViewDataSourceDelegate.swift */ = {isa = PBXFileReference; fileEncoding = 4; lastKnownFileType = sourcecode.swift; path = ProjectsCollectionViewDataSourceDelegate.swift; sourceTree = "<group>"; };
		11F810B31E4295AC008B83B2 /* ProjectDetailsViewController.swift */ = {isa = PBXFileReference; fileEncoding = 4; lastKnownFileType = sourcecode.swift; path = ProjectDetailsViewController.swift; sourceTree = "<group>"; };
		11F810B51E429E30008B83B2 /* TriangleView.swift */ = {isa = PBXFileReference; fileEncoding = 4; lastKnownFileType = sourcecode.swift; path = TriangleView.swift; sourceTree = "<group>"; };
		11F810B71E42AD96008B83B2 /* UIImageViewAligned.h */ = {isa = PBXFileReference; fileEncoding = 4; lastKnownFileType = sourcecode.c.h; path = UIImageViewAligned.h; sourceTree = "<group>"; };
		11F810B81E42AD97008B83B2 /* UIImageViewAligned.m */ = {isa = PBXFileReference; fileEncoding = 4; lastKnownFileType = sourcecode.c.objc; path = UIImageViewAligned.m; sourceTree = "<group>"; };
		11F810BC1E43413D008B83B2 /* EventsViewController.swift */ = {isa = PBXFileReference; fileEncoding = 4; lastKnownFileType = sourcecode.swift; path = EventsViewController.swift; sourceTree = "<group>"; };
		11F810BE1E4345B9008B83B2 /* EventsCollectionViewDataSourceDelegate.swift */ = {isa = PBXFileReference; fileEncoding = 4; lastKnownFileType = sourcecode.swift; path = EventsCollectionViewDataSourceDelegate.swift; sourceTree = "<group>"; };
		11F810C01E4349CA008B83B2 /* EventsOuterCollectionViewCell.swift */ = {isa = PBXFileReference; fileEncoding = 4; lastKnownFileType = sourcecode.swift; path = EventsOuterCollectionViewCell.swift; sourceTree = "<group>"; };
		11F810C21E4349DB008B83B2 /* EventsInnerCollectionViewCell.swift */ = {isa = PBXFileReference; fileEncoding = 4; lastKnownFileType = sourcecode.swift; path = EventsInnerCollectionViewCell.swift; sourceTree = "<group>"; };
		19F700DE4B8E0646B3CF75FC /* Pods-ADG VITUITests.release.xcconfig */ = {isa = PBXFileReference; includeInIndex = 1; lastKnownFileType = text.xcconfig; name = "Pods-ADG VITUITests.release.xcconfig"; path = "Pods/Target Support Files/Pods-ADG VITUITests/Pods-ADG VITUITests.release.xcconfig"; sourceTree = "<group>"; };
		2B57F9C6CF6272164996C193 /* Pods_ADG_VITTests.framework */ = {isa = PBXFileReference; explicitFileType = wrapper.framework; includeInIndex = 0; path = Pods_ADG_VITTests.framework; sourceTree = BUILT_PRODUCTS_DIR; };
		589A9B71F65ED3689381AE57 /* Pods-ADG VITUITests.debug.xcconfig */ = {isa = PBXFileReference; includeInIndex = 1; lastKnownFileType = text.xcconfig; name = "Pods-ADG VITUITests.debug.xcconfig"; path = "Pods/Target Support Files/Pods-ADG VITUITests/Pods-ADG VITUITests.debug.xcconfig"; sourceTree = "<group>"; };
		5B5594CEE77DB4A790285984 /* Pods-ADG VIT.debug.xcconfig */ = {isa = PBXFileReference; includeInIndex = 1; lastKnownFileType = text.xcconfig; name = "Pods-ADG VIT.debug.xcconfig"; path = "Pods/Target Support Files/Pods-ADG VIT/Pods-ADG VIT.debug.xcconfig"; sourceTree = "<group>"; };
		72A632D75E278F4C8C58D2DC /* Pods-ADG VIT.release.xcconfig */ = {isa = PBXFileReference; includeInIndex = 1; lastKnownFileType = text.xcconfig; name = "Pods-ADG VIT.release.xcconfig"; path = "Pods/Target Support Files/Pods-ADG VIT/Pods-ADG VIT.release.xcconfig"; sourceTree = "<group>"; };
		C1526D3FB2E70A59FD63D9F6 /* Pods-ADG VITTests.debug.xcconfig */ = {isa = PBXFileReference; includeInIndex = 1; lastKnownFileType = text.xcconfig; name = "Pods-ADG VITTests.debug.xcconfig"; path = "Pods/Target Support Files/Pods-ADG VITTests/Pods-ADG VITTests.debug.xcconfig"; sourceTree = "<group>"; };
/* End PBXFileReference section */

/* Begin PBXFrameworksBuildPhase section */
		116C1C9B1E37E9EB00456C00 /* Frameworks */ = {
			isa = PBXFrameworksBuildPhase;
			buildActionMask = 2147483647;
			files = (
				1E6EA025E0BD6625E4D80123 /* Pods_ADG_VIT.framework in Frameworks */,
			);
			runOnlyForDeploymentPostprocessing = 0;
		};
		116C1CAF1E37E9EC00456C00 /* Frameworks */ = {
			isa = PBXFrameworksBuildPhase;
			buildActionMask = 2147483647;
			files = (
				0B7EF0FF81E8BB9A5B2FC439 /* Pods_ADG_VITTests.framework in Frameworks */,
			);
			runOnlyForDeploymentPostprocessing = 0;
		};
		116C1CBA1E37E9EC00456C00 /* Frameworks */ = {
			isa = PBXFrameworksBuildPhase;
			buildActionMask = 2147483647;
			files = (
				81F52E8D1FA91B517A87DC94 /* Pods_ADG_VITUITests.framework in Frameworks */,
			);
			runOnlyForDeploymentPostprocessing = 0;
		};
/* End PBXFrameworksBuildPhase section */

/* Begin PBXGroup section */
		1119B6821E3F5C0D00CF009A /* Reachability */ = {
			isa = PBXGroup;
			children = (
				1119B67F1E3F5BE200CF009A /* Reachability.h */,
				1119B6801E3F5BE200CF009A /* Reachability.m */,
			);
			name = Reachability;
			sourceTree = "<group>";
		};
		1119B6831E3F5C1700CF009A /* Utils */ = {
			isa = PBXGroup;
			children = (
				119FD4EF1E3DDFAA0021AE26 /* Constants.swift */,
				119FD4F71E3E43090021AE26 /* DataManager.swift */,
				116C1CCF1E37EF8A00456C00 /* ADG VIT-Bridging-Header.h */,
			);
			name = Utils;
			sourceTree = "<group>";
		};
		1119B6841E3F5C2000CF009A /* Storyboards */ = {
			isa = PBXGroup;
			children = (
				116C1CA51E37E9EC00456C00 /* Main.storyboard */,
				116C1CAA1E37E9EC00456C00 /* LaunchScreen.storyboard */,
			);
			name = Storyboards;
			sourceTree = "<group>";
		};
		1119B6851E3F5C2900CF009A /* Resources */ = {
			isa = PBXGroup;
			children = (
				1119B6831E3F5C1700CF009A /* Utils */,
				116C1CA81E37E9EC00456C00 /* Assets.xcassets */,
				11120BC31E3FC35100F990F8 /* WeatherIcons.xcassets */,
				116C1CAD1E37E9EC00456C00 /* Info.plist */,
				119FD4F31E3E19BC0021AE26 /* GoogleService-Info.plist */,
			);
			name = Resources;
			sourceTree = "<group>";
		};
		116C1C951E37E9EB00456C00 = {
			isa = PBXGroup;
			children = (
				116C1CA01E37E9EC00456C00 /* ADG VIT */,
				116C1CB51E37E9EC00456C00 /* ADG VITTests */,
				116C1CC01E37E9EC00456C00 /* ADG VITUITests */,
				116C1C9F1E37E9EC00456C00 /* Products */,
				3202B8C6E463AE474064D478 /* Pods */,
				83F55B6CAF9F0754DFE3DBD9 /* Frameworks */,
			);
			sourceTree = "<group>";
		};
		116C1C9F1E37E9EC00456C00 /* Products */ = {
			isa = PBXGroup;
			children = (
				116C1C9E1E37E9EC00456C00 /* ADG VIT.app */,
				116C1CB21E37E9EC00456C00 /* ADG VITTests.xctest */,
				116C1CBD1E37E9EC00456C00 /* ADG VITUITests.xctest */,
			);
			name = Products;
			sourceTree = "<group>";
		};
		116C1CA01E37E9EC00456C00 /* ADG VIT */ = {
			isa = PBXGroup;
			children = (
				116C1CA11E37E9EC00456C00 /* AppDelegate.swift */,
				116C1CD41E37F63800456C00 /* MenuTableViewController.swift */,
				11F810BC1E43413D008B83B2 /* EventsViewController.swift */,
				11F810BE1E4345B9008B83B2 /* EventsCollectionViewDataSourceDelegate.swift */,
				11F810C01E4349CA008B83B2 /* EventsOuterCollectionViewCell.swift */,
				11F810C21E4349DB008B83B2 /* EventsInnerCollectionViewCell.swift */,
				11F810AD1E429518008B83B2 /* Projects */,
				119FD4FF1E3E461D0021AE26 /* Home */,
				11F810BB1E42AFE3008B83B2 /* Obj-C Libraries */,
				1119B6841E3F5C2000CF009A /* Storyboards */,
				1119B6851E3F5C2900CF009A /* Resources */,
			);
			path = "ADG VIT";
			sourceTree = "<group>";
		};
		116C1CB51E37E9EC00456C00 /* ADG VITTests */ = {
			isa = PBXGroup;
			children = (
				116C1CB61E37E9EC00456C00 /* ADG_VITTests.swift */,
				116C1CB81E37E9EC00456C00 /* Info.plist */,
			);
			path = "ADG VITTests";
			sourceTree = "<group>";
		};
		116C1CC01E37E9EC00456C00 /* ADG VITUITests */ = {
			isa = PBXGroup;
			children = (
				116C1CC11E37E9EC00456C00 /* ADG_VITUITests.swift */,
				116C1CC31E37E9EC00456C00 /* Info.plist */,
			);
			path = "ADG VITUITests";
			sourceTree = "<group>";
		};
		116C1CD31E37EF9300456C00 /* SWRevealView */ = {
			isa = PBXGroup;
			children = (
				116C1CD01E37EF8B00456C00 /* SWRevealViewController.h */,
				116C1CD11E37EF8B00456C00 /* SWRevealViewController.m */,
			);
			name = SWRevealView;
			sourceTree = "<group>";
		};
		119FD4FF1E3E461D0021AE26 /* Home */ = {
			isa = PBXGroup;
			children = (
				119FD5001E3E46370021AE26 /* Cells */,
				119FD5011E3E463E0021AE26 /* Controller */,
				119FD5021E3E46460021AE26 /* Data Source Delegate */,
			);
			name = Home;
			sourceTree = "<group>";
		};
		119FD5001E3E46370021AE26 /* Cells */ = {
			isa = PBXGroup;
			children = (
				119FD4FB1E3E45B10021AE26 /* HomeTableViewCell.swift */,
				119FD4ED1E3DDCC00021AE26 /* NewsCollectionViewCell.swift */,
			);
			name = Cells;
			sourceTree = "<group>";
		};
		119FD5011E3E463E0021AE26 /* Controller */ = {
			isa = PBXGroup;
			children = (
				116C1CA31E37E9EC00456C00 /* HomeViewController.swift */,
			);
			name = Controller;
			sourceTree = "<group>";
		};
		119FD5021E3E46460021AE26 /* Data Source Delegate */ = {
			isa = PBXGroup;
			children = (
				119FD4F11E3E18710021AE26 /* HomeTableViewDataDelegate.swift */,
			);
			name = "Data Source Delegate";
			sourceTree = "<group>";
		};
		11F810AD1E429518008B83B2 /* Projects */ = {
			isa = PBXGroup;
			children = (
				11F810B21E429594008B83B2 /* Details */,
				11F810AE1E42951F008B83B2 /* Main */,
			);
			name = Projects;
			sourceTree = "<group>";
		};
		11F810AE1E42951F008B83B2 /* Main */ = {
			isa = PBXGroup;
			children = (
				11F810B11E429555008B83B2 /* Cells */,
				11F810B01E42954F008B83B2 /* Controller */,
				11F810AF1E429542008B83B2 /* Data Source Delegate */,
			);
			name = Main;
			sourceTree = "<group>";
		};
		11F810AF1E429542008B83B2 /* Data Source Delegate */ = {
			isa = PBXGroup;
			children = (
				11E995E91E41C57D00214293 /* ProjectsCollectionViewDataSourceDelegate.swift */,
			);
			name = "Data Source Delegate";
			sourceTree = "<group>";
		};
		11F810B01E42954F008B83B2 /* Controller */ = {
			isa = PBXGroup;
			children = (
				11120BC11E3FACC400F990F8 /* ProjectsViewController.swift */,
			);
			name = Controller;
			sourceTree = "<group>";
		};
		11F810B11E429555008B83B2 /* Cells */ = {
			isa = PBXGroup;
			children = (
				11E995E51E41C3C300214293 /* ProjectsOuterCollectionViewCell.swift */,
				11190E0A1E427A5C00EF2532 /* ProjectsInnerCollectionViewCell.swift */,
			);
			name = Cells;
			sourceTree = "<group>";
		};
		11F810B21E429594008B83B2 /* Details */ = {
			isa = PBXGroup;
			children = (
				11F810B31E4295AC008B83B2 /* ProjectDetailsViewController.swift */,
				11F810B51E429E30008B83B2 /* TriangleView.swift */,
			);
			name = Details;
			sourceTree = "<group>";
		};
		11F810BA1E42AFC6008B83B2 /* UIImageViewAligned */ = {
			isa = PBXGroup;
			children = (
				11F810B71E42AD96008B83B2 /* UIImageViewAligned.h */,
				11F810B81E42AD97008B83B2 /* UIImageViewAligned.m */,
			);
			name = UIImageViewAligned;
			sourceTree = "<group>";
		};
		11F810BB1E42AFE3008B83B2 /* Obj-C Libraries */ = {
			isa = PBXGroup;
			children = (
				1119B6821E3F5C0D00CF009A /* Reachability */,
				116C1CD31E37EF9300456C00 /* SWRevealView */,
				11F810BA1E42AFC6008B83B2 /* UIImageViewAligned */,
			);
			name = "Obj-C Libraries";
			sourceTree = "<group>";
		};
		3202B8C6E463AE474064D478 /* Pods */ = {
			isa = PBXGroup;
			children = (
				5B5594CEE77DB4A790285984 /* Pods-ADG VIT.debug.xcconfig */,
				72A632D75E278F4C8C58D2DC /* Pods-ADG VIT.release.xcconfig */,
				C1526D3FB2E70A59FD63D9F6 /* Pods-ADG VITTests.debug.xcconfig */,
				00CF3A63B82C7D995C4493D1 /* Pods-ADG VITTests.release.xcconfig */,
				589A9B71F65ED3689381AE57 /* Pods-ADG VITUITests.debug.xcconfig */,
				19F700DE4B8E0646B3CF75FC /* Pods-ADG VITUITests.release.xcconfig */,
			);
			name = Pods;
			sourceTree = "<group>";
		};
		83F55B6CAF9F0754DFE3DBD9 /* Frameworks */ = {
			isa = PBXGroup;
			children = (
				116DDC06E6B2ED1658FAC02A /* Pods_ADG_VIT.framework */,
				2B57F9C6CF6272164996C193 /* Pods_ADG_VITTests.framework */,
				078F660F61601B231081A0B8 /* Pods_ADG_VITUITests.framework */,
			);
			name = Frameworks;
			sourceTree = "<group>";
		};
/* End PBXGroup section */

/* Begin PBXNativeTarget section */
		116C1C9D1E37E9EB00456C00 /* ADG VIT */ = {
			isa = PBXNativeTarget;
			buildConfigurationList = 116C1CC61E37E9EC00456C00 /* Build configuration list for PBXNativeTarget "ADG VIT" */;
			buildPhases = (
				BB18A18402C73F90F13043DC /* [CP] Check Pods Manifest.lock */,
				116C1C9A1E37E9EB00456C00 /* Sources */,
				116C1C9B1E37E9EB00456C00 /* Frameworks */,
				116C1C9C1E37E9EB00456C00 /* Resources */,
				87394FF8D5413C38E11AA086 /* [CP] Embed Pods Frameworks */,
				ADB53DB602BB2C115D937BA8 /* [CP] Copy Pods Resources */,
			);
			buildRules = (
			);
			dependencies = (
			);
			name = "ADG VIT";
			productName = "ADG VIT";
			productReference = 116C1C9E1E37E9EC00456C00 /* ADG VIT.app */;
			productType = "com.apple.product-type.application";
		};
		116C1CB11E37E9EC00456C00 /* ADG VITTests */ = {
			isa = PBXNativeTarget;
			buildConfigurationList = 116C1CC91E37E9EC00456C00 /* Build configuration list for PBXNativeTarget "ADG VITTests" */;
			buildPhases = (
				6919FF132D33A9A2334C1994 /* [CP] Check Pods Manifest.lock */,
				116C1CAE1E37E9EC00456C00 /* Sources */,
				116C1CAF1E37E9EC00456C00 /* Frameworks */,
				116C1CB01E37E9EC00456C00 /* Resources */,
				A9C704DFC4DF58031DBFC9AB /* [CP] Embed Pods Frameworks */,
				CD93D216CE1720B263F48E04 /* [CP] Copy Pods Resources */,
			);
			buildRules = (
			);
			dependencies = (
				116C1CB41E37E9EC00456C00 /* PBXTargetDependency */,
			);
			name = "ADG VITTests";
			productName = "ADG VITTests";
			productReference = 116C1CB21E37E9EC00456C00 /* ADG VITTests.xctest */;
			productType = "com.apple.product-type.bundle.unit-test";
		};
		116C1CBC1E37E9EC00456C00 /* ADG VITUITests */ = {
			isa = PBXNativeTarget;
			buildConfigurationList = 116C1CCC1E37E9EC00456C00 /* Build configuration list for PBXNativeTarget "ADG VITUITests" */;
			buildPhases = (
				7B4D81022C963AA7BB51FB40 /* [CP] Check Pods Manifest.lock */,
				116C1CB91E37E9EC00456C00 /* Sources */,
				116C1CBA1E37E9EC00456C00 /* Frameworks */,
				116C1CBB1E37E9EC00456C00 /* Resources */,
				B5E3E0A78469B3E1D09808B7 /* [CP] Embed Pods Frameworks */,
				BAA102BDF561DFDF295F51E4 /* [CP] Copy Pods Resources */,
			);
			buildRules = (
			);
			dependencies = (
				116C1CBF1E37E9EC00456C00 /* PBXTargetDependency */,
			);
			name = "ADG VITUITests";
			productName = "ADG VITUITests";
			productReference = 116C1CBD1E37E9EC00456C00 /* ADG VITUITests.xctest */;
			productType = "com.apple.product-type.bundle.ui-testing";
		};
/* End PBXNativeTarget section */

/* Begin PBXProject section */
		116C1C961E37E9EB00456C00 /* Project object */ = {
			isa = PBXProject;
			attributes = {
				LastSwiftUpdateCheck = 0820;
				LastUpgradeCheck = 0820;
				ORGANIZATIONNAME = "Srivinayak Chaitanya Eshwa";
				TargetAttributes = {
					116C1C9D1E37E9EB00456C00 = {
						CreatedOnToolsVersion = 8.2.1;
						DevelopmentTeam = S2LV3T7DFP;
						LastSwiftMigration = 0820;
						ProvisioningStyle = Automatic;
					};
					116C1CB11E37E9EC00456C00 = {
						CreatedOnToolsVersion = 8.2.1;
						DevelopmentTeam = S2LV3T7DFP;
						ProvisioningStyle = Automatic;
						TestTargetID = 116C1C9D1E37E9EB00456C00;
					};
					116C1CBC1E37E9EC00456C00 = {
						CreatedOnToolsVersion = 8.2.1;
						DevelopmentTeam = S2LV3T7DFP;
						ProvisioningStyle = Automatic;
						TestTargetID = 116C1C9D1E37E9EB00456C00;
					};
				};
			};
			buildConfigurationList = 116C1C991E37E9EB00456C00 /* Build configuration list for PBXProject "ADG VIT" */;
			compatibilityVersion = "Xcode 3.2";
			developmentRegion = English;
			hasScannedForEncodings = 0;
			knownRegions = (
				en,
				Base,
			);
			mainGroup = 116C1C951E37E9EB00456C00;
			productRefGroup = 116C1C9F1E37E9EC00456C00 /* Products */;
			projectDirPath = "";
			projectRoot = "";
			targets = (
				116C1C9D1E37E9EB00456C00 /* ADG VIT */,
				116C1CB11E37E9EC00456C00 /* ADG VITTests */,
				116C1CBC1E37E9EC00456C00 /* ADG VITUITests */,
			);
		};
/* End PBXProject section */

/* Begin PBXResourcesBuildPhase section */
		116C1C9C1E37E9EB00456C00 /* Resources */ = {
			isa = PBXResourcesBuildPhase;
			buildActionMask = 2147483647;
			files = (
				116C1CAC1E37E9EC00456C00 /* LaunchScreen.storyboard in Resources */,
				11120BC41E3FC35100F990F8 /* WeatherIcons.xcassets in Resources */,
				119FD4F41E3E19BC0021AE26 /* GoogleService-Info.plist in Resources */,
				116C1CA91E37E9EC00456C00 /* Assets.xcassets in Resources */,
				116C1CA71E37E9EC00456C00 /* Main.storyboard in Resources */,
			);
			runOnlyForDeploymentPostprocessing = 0;
		};
		116C1CB01E37E9EC00456C00 /* Resources */ = {
			isa = PBXResourcesBuildPhase;
			buildActionMask = 2147483647;
			files = (
				119FD4F51E3E19BC0021AE26 /* GoogleService-Info.plist in Resources */,
			);
			runOnlyForDeploymentPostprocessing = 0;
		};
		116C1CBB1E37E9EC00456C00 /* Resources */ = {
			isa = PBXResourcesBuildPhase;
			buildActionMask = 2147483647;
			files = (
				119FD4F61E3E19BC0021AE26 /* GoogleService-Info.plist in Resources */,
			);
			runOnlyForDeploymentPostprocessing = 0;
		};
/* End PBXResourcesBuildPhase section */

/* Begin PBXShellScriptBuildPhase section */
		6919FF132D33A9A2334C1994 /* [CP] Check Pods Manifest.lock */ = {
			isa = PBXShellScriptBuildPhase;
			buildActionMask = 2147483647;
			files = (
			);
			inputPaths = (
			);
			name = "[CP] Check Pods Manifest.lock";
			outputPaths = (
			);
			runOnlyForDeploymentPostprocessing = 0;
			shellPath = /bin/sh;
			shellScript = "diff \"${PODS_ROOT}/../Podfile.lock\" \"${PODS_ROOT}/Manifest.lock\" > /dev/null\nif [ $? != 0 ] ; then\n    # print error to STDERR\n    echo \"error: The sandbox is not in sync with the Podfile.lock. Run 'pod install' or update your CocoaPods installation.\" >&2\n    exit 1\nfi\n";
			showEnvVarsInLog = 0;
		};
		7B4D81022C963AA7BB51FB40 /* [CP] Check Pods Manifest.lock */ = {
			isa = PBXShellScriptBuildPhase;
			buildActionMask = 2147483647;
			files = (
			);
			inputPaths = (
			);
			name = "[CP] Check Pods Manifest.lock";
			outputPaths = (
			);
			runOnlyForDeploymentPostprocessing = 0;
			shellPath = /bin/sh;
			shellScript = "diff \"${PODS_ROOT}/../Podfile.lock\" \"${PODS_ROOT}/Manifest.lock\" > /dev/null\nif [ $? != 0 ] ; then\n    # print error to STDERR\n    echo \"error: The sandbox is not in sync with the Podfile.lock. Run 'pod install' or update your CocoaPods installation.\" >&2\n    exit 1\nfi\n";
			showEnvVarsInLog = 0;
		};
		87394FF8D5413C38E11AA086 /* [CP] Embed Pods Frameworks */ = {
			isa = PBXShellScriptBuildPhase;
			buildActionMask = 2147483647;
			files = (
			);
			inputPaths = (
			);
			name = "[CP] Embed Pods Frameworks";
			outputPaths = (
			);
			runOnlyForDeploymentPostprocessing = 0;
			shellPath = /bin/sh;
			shellScript = "\"${SRCROOT}/Pods/Target Support Files/Pods-ADG VIT/Pods-ADG VIT-frameworks.sh\"\n";
			showEnvVarsInLog = 0;
		};
		A9C704DFC4DF58031DBFC9AB /* [CP] Embed Pods Frameworks */ = {
			isa = PBXShellScriptBuildPhase;
			buildActionMask = 2147483647;
			files = (
			);
			inputPaths = (
			);
			name = "[CP] Embed Pods Frameworks";
			outputPaths = (
			);
			runOnlyForDeploymentPostprocessing = 0;
			shellPath = /bin/sh;
			shellScript = "\"${SRCROOT}/Pods/Target Support Files/Pods-ADG VITTests/Pods-ADG VITTests-frameworks.sh\"\n";
			showEnvVarsInLog = 0;
		};
		ADB53DB602BB2C115D937BA8 /* [CP] Copy Pods Resources */ = {
			isa = PBXShellScriptBuildPhase;
			buildActionMask = 2147483647;
			files = (
			);
			inputPaths = (
			);
			name = "[CP] Copy Pods Resources";
			outputPaths = (
			);
			runOnlyForDeploymentPostprocessing = 0;
			shellPath = /bin/sh;
			shellScript = "\"${SRCROOT}/Pods/Target Support Files/Pods-ADG VIT/Pods-ADG VIT-resources.sh\"\n";
			showEnvVarsInLog = 0;
		};
		B5E3E0A78469B3E1D09808B7 /* [CP] Embed Pods Frameworks */ = {
			isa = PBXShellScriptBuildPhase;
			buildActionMask = 2147483647;
			files = (
			);
			inputPaths = (
			);
			name = "[CP] Embed Pods Frameworks";
			outputPaths = (
			);
			runOnlyForDeploymentPostprocessing = 0;
			shellPath = /bin/sh;
			shellScript = "\"${SRCROOT}/Pods/Target Support Files/Pods-ADG VITUITests/Pods-ADG VITUITests-frameworks.sh\"\n";
			showEnvVarsInLog = 0;
		};
		BAA102BDF561DFDF295F51E4 /* [CP] Copy Pods Resources */ = {
			isa = PBXShellScriptBuildPhase;
			buildActionMask = 2147483647;
			files = (
			);
			inputPaths = (
			);
			name = "[CP] Copy Pods Resources";
			outputPaths = (
			);
			runOnlyForDeploymentPostprocessing = 0;
			shellPath = /bin/sh;
			shellScript = "\"${SRCROOT}/Pods/Target Support Files/Pods-ADG VITUITests/Pods-ADG VITUITests-resources.sh\"\n";
			showEnvVarsInLog = 0;
		};
		BB18A18402C73F90F13043DC /* [CP] Check Pods Manifest.lock */ = {
			isa = PBXShellScriptBuildPhase;
			buildActionMask = 2147483647;
			files = (
			);
			inputPaths = (
			);
			name = "[CP] Check Pods Manifest.lock";
			outputPaths = (
			);
			runOnlyForDeploymentPostprocessing = 0;
			shellPath = /bin/sh;
			shellScript = "diff \"${PODS_ROOT}/../Podfile.lock\" \"${PODS_ROOT}/Manifest.lock\" > /dev/null\nif [ $? != 0 ] ; then\n    # print error to STDERR\n    echo \"error: The sandbox is not in sync with the Podfile.lock. Run 'pod install' or update your CocoaPods installation.\" >&2\n    exit 1\nfi\n";
			showEnvVarsInLog = 0;
		};
		CD93D216CE1720B263F48E04 /* [CP] Copy Pods Resources */ = {
			isa = PBXShellScriptBuildPhase;
			buildActionMask = 2147483647;
			files = (
			);
			inputPaths = (
			);
			name = "[CP] Copy Pods Resources";
			outputPaths = (
			);
			runOnlyForDeploymentPostprocessing = 0;
			shellPath = /bin/sh;
			shellScript = "\"${SRCROOT}/Pods/Target Support Files/Pods-ADG VITTests/Pods-ADG VITTests-resources.sh\"\n";
			showEnvVarsInLog = 0;
		};
/* End PBXShellScriptBuildPhase section */

/* Begin PBXSourcesBuildPhase section */
		116C1C9A1E37E9EB00456C00 /* Sources */ = {
			isa = PBXSourcesBuildPhase;
			buildActionMask = 2147483647;
			files = (
				11F810BF1E4345B9008B83B2 /* EventsCollectionViewDataSourceDelegate.swift in Sources */,
				11F810C11E4349CA008B83B2 /* EventsOuterCollectionViewCell.swift in Sources */,
				116C1CD51E37F63800456C00 /* MenuTableViewController.swift in Sources */,
				119FD4F81E3E43090021AE26 /* DataManager.swift in Sources */,
				11120BC21E3FACC400F990F8 /* ProjectsViewController.swift in Sources */,
				11190E0B1E427A5C00EF2532 /* ProjectsInnerCollectionViewCell.swift in Sources */,
				116C1CA41E37E9EC00456C00 /* HomeViewController.swift in Sources */,
				119FD4F21E3E18710021AE26 /* HomeTableViewDataDelegate.swift in Sources */,
				1119B6811E3F5BE200CF009A /* Reachability.m in Sources */,
				116C1CA21E37E9EC00456C00 /* AppDelegate.swift in Sources */,
				116C1CD21E37EF8B00456C00 /* SWRevealViewController.m in Sources */,
				11F810B41E4295AC008B83B2 /* ProjectDetailsViewController.swift in Sources */,
				119FD4FC1E3E45B10021AE26 /* HomeTableViewCell.swift in Sources */,
				119FD4EE1E3DDCC00021AE26 /* NewsCollectionViewCell.swift in Sources */,
				11F810B91E42AD97008B83B2 /* UIImageViewAligned.m in Sources */,
				11E995EA1E41C57D00214293 /* ProjectsCollectionViewDataSourceDelegate.swift in Sources */,
				11E995E61E41C3C300214293 /* ProjectsOuterCollectionViewCell.swift in Sources */,
				11F810B61E429E30008B83B2 /* TriangleView.swift in Sources */,
				119FD4F01E3DDFAA0021AE26 /* Constants.swift in Sources */,
				11F810C31E4349DB008B83B2 /* EventsInnerCollectionViewCell.swift in Sources */,
				11F810BD1E43413D008B83B2 /* EventsViewController.swift in Sources */,
			);
			runOnlyForDeploymentPostprocessing = 0;
		};
		116C1CAE1E37E9EC00456C00 /* Sources */ = {
			isa = PBXSourcesBuildPhase;
			buildActionMask = 2147483647;
			files = (
				119FD4FD1E3E45B10021AE26 /* HomeTableViewCell.swift in Sources */,
				116C1CB71E37E9EC00456C00 /* ADG_VITTests.swift in Sources */,
			);
			runOnlyForDeploymentPostprocessing = 0;
		};
		116C1CB91E37E9EC00456C00 /* Sources */ = {
			isa = PBXSourcesBuildPhase;
			buildActionMask = 2147483647;
			files = (
				119FD4FE1E3E45B10021AE26 /* HomeTableViewCell.swift in Sources */,
				116C1CC21E37E9EC00456C00 /* ADG_VITUITests.swift in Sources */,
			);
			runOnlyForDeploymentPostprocessing = 0;
		};
/* End PBXSourcesBuildPhase section */

/* Begin PBXTargetDependency section */
		116C1CB41E37E9EC00456C00 /* PBXTargetDependency */ = {
			isa = PBXTargetDependency;
			target = 116C1C9D1E37E9EB00456C00 /* ADG VIT */;
			targetProxy = 116C1CB31E37E9EC00456C00 /* PBXContainerItemProxy */;
		};
		116C1CBF1E37E9EC00456C00 /* PBXTargetDependency */ = {
			isa = PBXTargetDependency;
			target = 116C1C9D1E37E9EB00456C00 /* ADG VIT */;
			targetProxy = 116C1CBE1E37E9EC00456C00 /* PBXContainerItemProxy */;
		};
/* End PBXTargetDependency section */

/* Begin PBXVariantGroup section */
		116C1CA51E37E9EC00456C00 /* Main.storyboard */ = {
			isa = PBXVariantGroup;
			children = (
				116C1CA61E37E9EC00456C00 /* Base */,
			);
			name = Main.storyboard;
			sourceTree = "<group>";
		};
		116C1CAA1E37E9EC00456C00 /* LaunchScreen.storyboard */ = {
			isa = PBXVariantGroup;
			children = (
				116C1CAB1E37E9EC00456C00 /* Base */,
			);
			name = LaunchScreen.storyboard;
			sourceTree = "<group>";
		};
/* End PBXVariantGroup section */

/* Begin XCBuildConfiguration section */
		116C1CC41E37E9EC00456C00 /* Debug */ = {
			isa = XCBuildConfiguration;
			buildSettings = {
				ALWAYS_SEARCH_USER_PATHS = NO;
				CLANG_ANALYZER_NONNULL = YES;
				CLANG_CXX_LANGUAGE_STANDARD = "gnu++0x";
				CLANG_CXX_LIBRARY = "libc++";
				CLANG_ENABLE_MODULES = YES;
				CLANG_ENABLE_OBJC_ARC = YES;
				CLANG_WARN_BOOL_CONVERSION = YES;
				CLANG_WARN_CONSTANT_CONVERSION = YES;
				CLANG_WARN_DIRECT_OBJC_ISA_USAGE = YES_ERROR;
				CLANG_WARN_DOCUMENTATION_COMMENTS = YES;
				CLANG_WARN_EMPTY_BODY = YES;
				CLANG_WARN_ENUM_CONVERSION = YES;
				CLANG_WARN_INFINITE_RECURSION = YES;
				CLANG_WARN_INT_CONVERSION = YES;
				CLANG_WARN_OBJC_ROOT_CLASS = YES_ERROR;
				CLANG_WARN_SUSPICIOUS_MOVE = YES;
				CLANG_WARN_UNREACHABLE_CODE = YES;
				CLANG_WARN__DUPLICATE_METHOD_MATCH = YES;
				"CODE_SIGN_IDENTITY[sdk=iphoneos*]" = "iPhone Developer";
				COPY_PHASE_STRIP = NO;
				DEBUG_INFORMATION_FORMAT = dwarf;
				ENABLE_STRICT_OBJC_MSGSEND = YES;
				ENABLE_TESTABILITY = YES;
				GCC_C_LANGUAGE_STANDARD = gnu99;
				GCC_DYNAMIC_NO_PIC = NO;
				GCC_NO_COMMON_BLOCKS = YES;
				GCC_OPTIMIZATION_LEVEL = 0;
				GCC_PREPROCESSOR_DEFINITIONS = (
					"DEBUG=1",
					"$(inherited)",
				);
				GCC_WARN_64_TO_32_BIT_CONVERSION = YES;
				GCC_WARN_ABOUT_RETURN_TYPE = YES_ERROR;
				GCC_WARN_UNDECLARED_SELECTOR = YES;
				GCC_WARN_UNINITIALIZED_AUTOS = YES_AGGRESSIVE;
				GCC_WARN_UNUSED_FUNCTION = YES;
				GCC_WARN_UNUSED_VARIABLE = YES;
				IPHONEOS_DEPLOYMENT_TARGET = 10.2;
				MTL_ENABLE_DEBUG_INFO = YES;
				ONLY_ACTIVE_ARCH = YES;
				SDKROOT = iphoneos;
				SWIFT_ACTIVE_COMPILATION_CONDITIONS = DEBUG;
				SWIFT_OPTIMIZATION_LEVEL = "-Onone";
				TARGETED_DEVICE_FAMILY = "1,2";
			};
			name = Debug;
		};
		116C1CC51E37E9EC00456C00 /* Release */ = {
			isa = XCBuildConfiguration;
			buildSettings = {
				ALWAYS_SEARCH_USER_PATHS = NO;
				CLANG_ANALYZER_NONNULL = YES;
				CLANG_CXX_LANGUAGE_STANDARD = "gnu++0x";
				CLANG_CXX_LIBRARY = "libc++";
				CLANG_ENABLE_MODULES = YES;
				CLANG_ENABLE_OBJC_ARC = YES;
				CLANG_WARN_BOOL_CONVERSION = YES;
				CLANG_WARN_CONSTANT_CONVERSION = YES;
				CLANG_WARN_DIRECT_OBJC_ISA_USAGE = YES_ERROR;
				CLANG_WARN_DOCUMENTATION_COMMENTS = YES;
				CLANG_WARN_EMPTY_BODY = YES;
				CLANG_WARN_ENUM_CONVERSION = YES;
				CLANG_WARN_INFINITE_RECURSION = YES;
				CLANG_WARN_INT_CONVERSION = YES;
				CLANG_WARN_OBJC_ROOT_CLASS = YES_ERROR;
				CLANG_WARN_SUSPICIOUS_MOVE = YES;
				CLANG_WARN_UNREACHABLE_CODE = YES;
				CLANG_WARN__DUPLICATE_METHOD_MATCH = YES;
				"CODE_SIGN_IDENTITY[sdk=iphoneos*]" = "iPhone Developer";
				COPY_PHASE_STRIP = NO;
				DEBUG_INFORMATION_FORMAT = "dwarf-with-dsym";
				ENABLE_NS_ASSERTIONS = NO;
				ENABLE_STRICT_OBJC_MSGSEND = YES;
				GCC_C_LANGUAGE_STANDARD = gnu99;
				GCC_NO_COMMON_BLOCKS = YES;
				GCC_WARN_64_TO_32_BIT_CONVERSION = YES;
				GCC_WARN_ABOUT_RETURN_TYPE = YES_ERROR;
				GCC_WARN_UNDECLARED_SELECTOR = YES;
				GCC_WARN_UNINITIALIZED_AUTOS = YES_AGGRESSIVE;
				GCC_WARN_UNUSED_FUNCTION = YES;
				GCC_WARN_UNUSED_VARIABLE = YES;
				IPHONEOS_DEPLOYMENT_TARGET = 10.2;
				MTL_ENABLE_DEBUG_INFO = NO;
				SDKROOT = iphoneos;
				SWIFT_OPTIMIZATION_LEVEL = "-Owholemodule";
				TARGETED_DEVICE_FAMILY = "1,2";
				VALIDATE_PRODUCT = YES;
			};
			name = Release;
		};
		116C1CC71E37E9EC00456C00 /* Debug */ = {
			isa = XCBuildConfiguration;
			baseConfigurationReference = 5B5594CEE77DB4A790285984 /* Pods-ADG VIT.debug.xcconfig */;
			buildSettings = {
				ASSETCATALOG_COMPILER_APPICON_NAME = AppIcon;
				CLANG_ENABLE_MODULES = YES;
				DEVELOPMENT_TEAM = S2LV3T7DFP;
				INFOPLIST_FILE = "ADG VIT/Info.plist";
				LD_RUNPATH_SEARCH_PATHS = "$(inherited) @executable_path/Frameworks";
				PRODUCT_BUNDLE_IDENTIFIER = "com.vinnu.ADG-VIT";
				PRODUCT_NAME = "$(TARGET_NAME)";
				SWIFT_OBJC_BRIDGING_HEADER = "ADG VIT/ADG VIT-Bridging-Header.h";
				SWIFT_OPTIMIZATION_LEVEL = "-Onone";
				SWIFT_VERSION = 3.0;
			};
			name = Debug;
		};
		116C1CC81E37E9EC00456C00 /* Release */ = {
			isa = XCBuildConfiguration;
			baseConfigurationReference = 72A632D75E278F4C8C58D2DC /* Pods-ADG VIT.release.xcconfig */;
			buildSettings = {
				ASSETCATALOG_COMPILER_APPICON_NAME = AppIcon;
				CLANG_ENABLE_MODULES = YES;
				DEVELOPMENT_TEAM = S2LV3T7DFP;
				INFOPLIST_FILE = "ADG VIT/Info.plist";
				LD_RUNPATH_SEARCH_PATHS = "$(inherited) @executable_path/Frameworks";
				PRODUCT_BUNDLE_IDENTIFIER = "com.vinnu.ADG-VIT";
				PRODUCT_NAME = "$(TARGET_NAME)";
				SWIFT_OBJC_BRIDGING_HEADER = "ADG VIT/ADG VIT-Bridging-Header.h";
				SWIFT_VERSION = 3.0;
			};
			name = Release;
		};
		116C1CCA1E37E9EC00456C00 /* Debug */ = {
			isa = XCBuildConfiguration;
			baseConfigurationReference = C1526D3FB2E70A59FD63D9F6 /* Pods-ADG VITTests.debug.xcconfig */;
			buildSettings = {
				ALWAYS_EMBED_SWIFT_STANDARD_LIBRARIES = YES;
				BUNDLE_LOADER = "$(TEST_HOST)";
				DEVELOPMENT_TEAM = S2LV3T7DFP;
				INFOPLIST_FILE = "ADG VITTests/Info.plist";
				LD_RUNPATH_SEARCH_PATHS = "$(inherited) @executable_path/Frameworks @loader_path/Frameworks";
				PRODUCT_BUNDLE_IDENTIFIER = "com.vinnu.ADG-VITTests";
				PRODUCT_NAME = "$(TARGET_NAME)";
				SWIFT_VERSION = 3.0;
				TEST_HOST = "$(BUILT_PRODUCTS_DIR)/ADG VIT.app/ADG VIT";
			};
			name = Debug;
		};
		116C1CCB1E37E9EC00456C00 /* Release */ = {
			isa = XCBuildConfiguration;
			baseConfigurationReference = 00CF3A63B82C7D995C4493D1 /* Pods-ADG VITTests.release.xcconfig */;
			buildSettings = {
				ALWAYS_EMBED_SWIFT_STANDARD_LIBRARIES = YES;
				BUNDLE_LOADER = "$(TEST_HOST)";
				DEVELOPMENT_TEAM = S2LV3T7DFP;
				INFOPLIST_FILE = "ADG VITTests/Info.plist";
				LD_RUNPATH_SEARCH_PATHS = "$(inherited) @executable_path/Frameworks @loader_path/Frameworks";
				PRODUCT_BUNDLE_IDENTIFIER = "com.vinnu.ADG-VITTests";
				PRODUCT_NAME = "$(TARGET_NAME)";
				SWIFT_VERSION = 3.0;
				TEST_HOST = "$(BUILT_PRODUCTS_DIR)/ADG VIT.app/ADG VIT";
			};
			name = Release;
		};
		116C1CCD1E37E9EC00456C00 /* Debug */ = {
			isa = XCBuildConfiguration;
			baseConfigurationReference = 589A9B71F65ED3689381AE57 /* Pods-ADG VITUITests.debug.xcconfig */;
			buildSettings = {
				ALWAYS_EMBED_SWIFT_STANDARD_LIBRARIES = YES;
				DEVELOPMENT_TEAM = S2LV3T7DFP;
				INFOPLIST_FILE = "ADG VITUITests/Info.plist";
				LD_RUNPATH_SEARCH_PATHS = "$(inherited) @executable_path/Frameworks @loader_path/Frameworks";
				PRODUCT_BUNDLE_IDENTIFIER = "com.vinnu.ADG-VITUITests";
				PRODUCT_NAME = "$(TARGET_NAME)";
				SWIFT_VERSION = 3.0;
				TEST_TARGET_NAME = "ADG VIT";
			};
			name = Debug;
		};
		116C1CCE1E37E9EC00456C00 /* Release */ = {
			isa = XCBuildConfiguration;
			baseConfigurationReference = 19F700DE4B8E0646B3CF75FC /* Pods-ADG VITUITests.release.xcconfig */;
			buildSettings = {
				ALWAYS_EMBED_SWIFT_STANDARD_LIBRARIES = YES;
				DEVELOPMENT_TEAM = S2LV3T7DFP;
				INFOPLIST_FILE = "ADG VITUITests/Info.plist";
				LD_RUNPATH_SEARCH_PATHS = "$(inherited) @executable_path/Frameworks @loader_path/Frameworks";
				PRODUCT_BUNDLE_IDENTIFIER = "com.vinnu.ADG-VITUITests";
				PRODUCT_NAME = "$(TARGET_NAME)";
				SWIFT_VERSION = 3.0;
				TEST_TARGET_NAME = "ADG VIT";
			};
			name = Release;
		};
/* End XCBuildConfiguration section */

/* Begin XCConfigurationList section */
		116C1C991E37E9EB00456C00 /* Build configuration list for PBXProject "ADG VIT" */ = {
			isa = XCConfigurationList;
			buildConfigurations = (
				116C1CC41E37E9EC00456C00 /* Debug */,
				116C1CC51E37E9EC00456C00 /* Release */,
			);
			defaultConfigurationIsVisible = 0;
			defaultConfigurationName = Release;
		};
		116C1CC61E37E9EC00456C00 /* Build configuration list for PBXNativeTarget "ADG VIT" */ = {
			isa = XCConfigurationList;
			buildConfigurations = (
				116C1CC71E37E9EC00456C00 /* Debug */,
				116C1CC81E37E9EC00456C00 /* Release */,
			);
			defaultConfigurationIsVisible = 0;
			defaultConfigurationName = Release;
		};
		116C1CC91E37E9EC00456C00 /* Build configuration list for PBXNativeTarget "ADG VITTests" */ = {
			isa = XCConfigurationList;
			buildConfigurations = (
				116C1CCA1E37E9EC00456C00 /* Debug */,
				116C1CCB1E37E9EC00456C00 /* Release */,
			);
			defaultConfigurationIsVisible = 0;
			defaultConfigurationName = Release;
		};
		116C1CCC1E37E9EC00456C00 /* Build configuration list for PBXNativeTarget "ADG VITUITests" */ = {
			isa = XCConfigurationList;
			buildConfigurations = (
				116C1CCD1E37E9EC00456C00 /* Debug */,
				116C1CCE1E37E9EC00456C00 /* Release */,
			);
			defaultConfigurationIsVisible = 0;
			defaultConfigurationName = Release;
		};
/* End XCConfigurationList section */
	};
	rootObject = 116C1C961E37E9EB00456C00 /* Project object */;
}
